
Microsoft Visual Studio Solution File, Format Version 9.00
# Visual Studio 2005
Project("{8BC9CEB8-8B4A-11D0-8D11-00A0C91BC942}") = "ASETestNative", "ASETestNative.vcproj", "{D440A0D5-DD0B-4546-B9AE-D3AFEDA20AEB}"
EndProject
Global
	GlobalSection(SolutionConfigurationPlatforms) = preSolution
		Debug|Win32 = Debug|Win32
		Release|Win32 = Release|Win32
	EndGlobalSection
	GlobalSection(ProjectConfigurationPlatforms) = postSolution
		{D440A0D5-DD0B-4546-B9AE-D3AFEDA20AEB}.Debug|Win32.ActiveCfg = Debug|Win32
		{D440A0D5-DD0B-4546-B9AE-D3AFEDA20AEB}.Debug|Win32.Build.0 = Debug|Win32
		{D440A0D5-DD0B-4546-B9AE-D3AFEDA20AEB}.Release|Win32.ActiveCfg = Release|Win32
		{D440A0D5-DD0B-4546-B9AE-D3AFEDA20AEB}.Release|Win32.Build.0 = Release|Win32
	EndGlobalSection
	GlobalSection(SolutionProperties) = preSolution
		HideSolutionNode = FALSE
	EndGlobalSection
EndGlobal
