Microsoft Visual Studio Solution File, Format Version 9.00
# Visual Studio 2005
Project("{8BC9CEB8-8B4A-11D0-8D11-00A0C91BC942}") = "aselua", "..\aselua\aselua.vcproj", "{F50E7BF8-C284-4B72-B9E4-07ED58EF032C}"
	ProjectSection(ProjectDependencies) = postProject
		{B9D09872-C017-4045-A396-51ADE1531CFA} = {B9D09872-C017-4045-A396-51ADE1531CFA}
	EndProjectSection
EndProject
Project("{8BC9CEB8-8B4A-11D0-8D11-00A0C91BC942}") = "aselib", "..\aselib\aselib.vcproj", "{B9D09872-C017-4045-A396-51ADE1531CFA}"
EndProject
Project("{8BC9CEB8-8B4A-11D0-8D11-00A0C91BC942}") = "asenative", "..\asenative\asenative.vcproj", "{5A352146-E94E-4973-B438-48D58B5EA840}"
	ProjectSection(ProjectDependencies) = postProject
		{B9D09872-C017-4045-A396-51ADE1531CFA} = {B9D09872-C017-4045-A396-51ADE1531CFA}
	EndProjectSection
EndProject
Project("{8BC9CEB8-8B4A-11D0-8D11-00A0C91BC942}") = "nativeutil", "..\nativeutil\nativeutil.vcproj", "{8E08D7AA-E6CF-4F8B-99DA-B7A266E22081}"
	ProjectSection(ProjectDependencies) = postProject
		{B9D09872-C017-4045-A396-51ADE1531CFA} = {B9D09872-C017-4045-A396-51ADE1531CFA}
		{5A352146-E94E-4973-B438-48D58B5EA840} = {5A352146-E94E-4973-B438-48D58B5EA840}
	EndProjectSection
EndProject
Project("{8BC9CEB8-8B4A-11D0-8D11-00A0C91BC942}") = "aserun", "..\aserun\aserun.vcproj", "{1E30651F-0D0A-4D27-9B1B-350EA70A4BFB}"
	ProjectSection(ProjectDependencies) = postProject
		{B9D09872-C017-4045-A396-51ADE1531CFA} = {B9D09872-C017-4045-A396-51ADE1531CFA}
	EndProjectSection
EndProject
Project("{8BC9CEB8-8B4A-11D0-8D11-00A0C91BC942}") = "asejs", "..\asejs\asejs.vcproj", "{4AF58AE0-9256-455F-9F56-B1F30FA0C6F7}"
	ProjectSection(ProjectDependencies) = postProject
		{B9D09872-C017-4045-A396-51ADE1531CFA} = {B9D09872-C017-4045-A396-51ADE1531CFA}
	EndProjectSection
EndProject
Project("{8BC9CEB8-8B4A-11D0-8D11-00A0C91BC942}") = "asejni", "..\asejni\asejni.vcproj", "{C577E80D-1581-467A-A5E6-B104D6D43E65}"
	ProjectSection(ProjectDependencies) = postProject
		{B9D09872-C017-4045-A396-51ADE1531CFA} = {B9D09872-C017-4045-A396-51ADE1531CFA}
	EndProjectSection
EndProject
Project("{8BC9CEB8-8B4A-11D0-8D11-00A0C91BC942}") = "asecom", "..\asecom\asecom.vcproj", "{7EFB5955-768A-47A6-920D-64A6399F336A}"
	ProjectSection(ProjectDependencies) = postProject
		{B9D09872-C017-4045-A396-51ADE1531CFA} = {B9D09872-C017-4045-A396-51ADE1531CFA}
	EndProjectSection
EndProject
Project("{8BC9CEB8-8B4A-11D0-8D11-00A0C91BC942}") = "asedummy", "..\asedummy\asedummy.vcproj", "{5C6E30A6-3FDB-4642-9F55-B54C291D474F}"
	ProjectSection(ProjectDependencies) = postProject
		{B9D09872-C017-4045-A396-51ADE1531CFA} = {B9D09872-C017-4045-A396-51ADE1531CFA}
	EndProjectSection
EndProject
Project("{8BC9CEB8-8B4A-11D0-8D11-00A0C91BC942}") = "aseclr", "..\aseclr\aseclr.vcproj", "{CED7D47A-DD00-4C91-808E-2AB9F3F5B64B}"
	ProjectSection(ProjectDependencies) = postProject
		{B9D09872-C017-4045-A396-51ADE1531CFA} = {B9D09872-C017-4045-A396-51ADE1531CFA}
	EndProjectSection
EndProject
Project("{8BC9CEB8-8B4A-11D0-8D11-00A0C91BC942}") = "aserunw", "..\aserunw\aserunw.vcproj", "{F8362045-1078-4013-A9D7-8E9E9486DB6A}"
	ProjectSection(ProjectDependencies) = postProject
		{B9D09872-C017-4045-A396-51ADE1531CFA} = {B9D09872-C017-4045-A396-51ADE1531CFA}
	EndProjectSection
EndProject
Global
	GlobalSection(SolutionConfigurationPlatforms) = preSolution
		CLR|Win32 = CLR|Win32
		Debug|Win32 = Debug|Win32
		NoOpt|Win32 = NoOpt|Win32
		Release|Win32 = Release|Win32
	EndGlobalSection
	GlobalSection(ProjectConfigurationPlatforms) = postSolution
		{F50E7BF8-C284-4B72-B9E4-07ED58EF032C}.CLR|Win32.ActiveCfg = CLR|Win32
		{F50E7BF8-C284-4B72-B9E4-07ED58EF032C}.CLR|Win32.Build.0 = CLR|Win32
		{F50E7BF8-C284-4B72-B9E4-07ED58EF032C}.Debug|Win32.ActiveCfg = Debug|Win32
		{F50E7BF8-C284-4B72-B9E4-07ED58EF032C}.Debug|Win32.Build.0 = Debug|Win32
		{F50E7BF8-C284-4B72-B9E4-07ED58EF032C}.NoOpt|Win32.ActiveCfg = NoOpt|Win32
		{F50E7BF8-C284-4B72-B9E4-07ED58EF032C}.NoOpt|Win32.Build.0 = NoOpt|Win32
		{F50E7BF8-C284-4B72-B9E4-07ED58EF032C}.Release|Win32.ActiveCfg = Release|Win32
		{F50E7BF8-C284-4B72-B9E4-07ED58EF032C}.Release|Win32.Build.0 = Release|Win32
		{B9D09872-C017-4045-A396-51ADE1531CFA}.CLR|Win32.ActiveCfg = CLR|Win32
		{B9D09872-C017-4045-A396-51ADE1531CFA}.CLR|Win32.Build.0 = CLR|Win32
		{B9D09872-C017-4045-A396-51ADE1531CFA}.Debug|Win32.ActiveCfg = Debug|Win32
		{B9D09872-C017-4045-A396-51ADE1531CFA}.Debug|Win32.Build.0 = Debug|Win32
		{B9D09872-C017-4045-A396-51ADE1531CFA}.NoOpt|Win32.ActiveCfg = NoOpt|Win32
		{B9D09872-C017-4045-A396-51ADE1531CFA}.NoOpt|Win32.Build.0 = NoOpt|Win32
		{B9D09872-C017-4045-A396-51ADE1531CFA}.Release|Win32.ActiveCfg = Release|Win32
		{B9D09872-C017-4045-A396-51ADE1531CFA}.Release|Win32.Build.0 = Release|Win32
		{5A352146-E94E-4973-B438-48D58B5EA840}.CLR|Win32.ActiveCfg = CLR|Win32
		{5A352146-E94E-4973-B438-48D58B5EA840}.CLR|Win32.Build.0 = CLR|Win32
		{5A352146-E94E-4973-B438-48D58B5EA840}.Debug|Win32.ActiveCfg = Debug|Win32
		{5A352146-E94E-4973-B438-48D58B5EA840}.Debug|Win32.Build.0 = Debug|Win32
		{5A352146-E94E-4973-B438-48D58B5EA840}.NoOpt|Win32.ActiveCfg = NoOpt|Win32
		{5A352146-E94E-4973-B438-48D58B5EA840}.NoOpt|Win32.Build.0 = NoOpt|Win32
		{5A352146-E94E-4973-B438-48D58B5EA840}.Release|Win32.ActiveCfg = Release|Win32
		{5A352146-E94E-4973-B438-48D58B5EA840}.Release|Win32.Build.0 = Release|Win32
		{8E08D7AA-E6CF-4F8B-99DA-B7A266E22081}.CLR|Win32.ActiveCfg = CLR|Win32
		{8E08D7AA-E6CF-4F8B-99DA-B7A266E22081}.CLR|Win32.Build.0 = CLR|Win32
		{8E08D7AA-E6CF-4F8B-99DA-B7A266E22081}.Debug|Win32.ActiveCfg = Debug|Win32
		{8E08D7AA-E6CF-4F8B-99DA-B7A266E22081}.Debug|Win32.Build.0 = Debug|Win32
		{8E08D7AA-E6CF-4F8B-99DA-B7A266E22081}.NoOpt|Win32.ActiveCfg = NoOpt|Win32
		{8E08D7AA-E6CF-4F8B-99DA-B7A266E22081}.NoOpt|Win32.Build.0 = NoOpt|Win32
		{8E08D7AA-E6CF-4F8B-99DA-B7A266E22081}.Release|Win32.ActiveCfg = Release|Win32
		{8E08D7AA-E6CF-4F8B-99DA-B7A266E22081}.Release|Win32.Build.0 = Release|Win32
		{1E30651F-0D0A-4D27-9B1B-350EA70A4BFB}.CLR|Win32.ActiveCfg = CLR|Win32
		{1E30651F-0D0A-4D27-9B1B-350EA70A4BFB}.CLR|Win32.Build.0 = CLR|Win32
		{1E30651F-0D0A-4D27-9B1B-350EA70A4BFB}.Debug|Win32.ActiveCfg = Debug|Win32
		{1E30651F-0D0A-4D27-9B1B-350EA70A4BFB}.Debug|Win32.Build.0 = Debug|Win32
		{1E30651F-0D0A-4D27-9B1B-350EA70A4BFB}.NoOpt|Win32.ActiveCfg = NoOpt|Win32
		{1E30651F-0D0A-4D27-9B1B-350EA70A4BFB}.NoOpt|Win32.Build.0 = NoOpt|Win32
		{1E30651F-0D0A-4D27-9B1B-350EA70A4BFB}.Release|Win32.ActiveCfg = Release|Win32
		{1E30651F-0D0A-4D27-9B1B-350EA70A4BFB}.Release|Win32.Build.0 = Release|Win32
		{4AF58AE0-9256-455F-9F56-B1F30FA0C6F7}.CLR|Win32.ActiveCfg = CLR|Win32
		{4AF58AE0-9256-455F-9F56-B1F30FA0C6F7}.CLR|Win32.Build.0 = CLR|Win32
		{4AF58AE0-9256-455F-9F56-B1F30FA0C6F7}.Debug|Win32.ActiveCfg = Debug|Win32
		{4AF58AE0-9256-455F-9F56-B1F30FA0C6F7}.Debug|Win32.Build.0 = Debug|Win32
		{4AF58AE0-9256-455F-9F56-B1F30FA0C6F7}.NoOpt|Win32.ActiveCfg = NoOpt|Win32
		{4AF58AE0-9256-455F-9F56-B1F30FA0C6F7}.NoOpt|Win32.Build.0 = NoOpt|Win32
		{4AF58AE0-9256-455F-9F56-B1F30FA0C6F7}.Release|Win32.ActiveCfg = Release|Win32
		{4AF58AE0-9256-455F-9F56-B1F30FA0C6F7}.Release|Win32.Build.0 = Release|Win32
		{C577E80D-1581-467A-A5E6-B104D6D43E65}.CLR|Win32.ActiveCfg = CLR|Win32
		{C577E80D-1581-467A-A5E6-B104D6D43E65}.CLR|Win32.Build.0 = CLR|Win32
		{C577E80D-1581-467A-A5E6-B104D6D43E65}.Debug|Win32.ActiveCfg = Debug|Win32
		{C577E80D-1581-467A-A5E6-B104D6D43E65}.Debug|Win32.Build.0 = Debug|Win32
		{C577E80D-1581-467A-A5E6-B104D6D43E65}.NoOpt|Win32.ActiveCfg = NoOpt|Win32
		{C577E80D-1581-467A-A5E6-B104D6D43E65}.NoOpt|Win32.Build.0 = NoOpt|Win32
		{C577E80D-1581-467A-A5E6-B104D6D43E65}.Release|Win32.ActiveCfg = Release|Win32
		{C577E80D-1581-467A-A5E6-B104D6D43E65}.Release|Win32.Build.0 = Release|Win32
		{7EFB5955-768A-47A6-920D-64A6399F336A}.CLR|Win32.ActiveCfg = CLR|Win32
		{7EFB5955-768A-47A6-920D-64A6399F336A}.CLR|Win32.Build.0 = CLR|Win32
		{7EFB5955-768A-47A6-920D-64A6399F336A}.Debug|Win32.ActiveCfg = Debug|Win32
		{7EFB5955-768A-47A6-920D-64A6399F336A}.Debug|Win32.Build.0 = Debug|Win32
		{7EFB5955-768A-47A6-920D-64A6399F336A}.NoOpt|Win32.ActiveCfg = NoOpt|Win32
		{7EFB5955-768A-47A6-920D-64A6399F336A}.NoOpt|Win32.Build.0 = NoOpt|Win32
		{7EFB5955-768A-47A6-920D-64A6399F336A}.Release|Win32.ActiveCfg = Release|Win32
		{7EFB5955-768A-47A6-920D-64A6399F336A}.Release|Win32.Build.0 = Release|Win32
		{5C6E30A6-3FDB-4642-9F55-B54C291D474F}.CLR|Win32.ActiveCfg = CLR|Win32
		{5C6E30A6-3FDB-4642-9F55-B54C291D474F}.CLR|Win32.Build.0 = CLR|Win32
		{5C6E30A6-3FDB-4642-9F55-B54C291D474F}.Debug|Win32.ActiveCfg = Debug|Win32
		{5C6E30A6-3FDB-4642-9F55-B54C291D474F}.Debug|Win32.Build.0 = Debug|Win32
		{5C6E30A6-3FDB-4642-9F55-B54C291D474F}.NoOpt|Win32.ActiveCfg = Release|Win32
		{5C6E30A6-3FDB-4642-9F55-B54C291D474F}.NoOpt|Win32.Build.0 = Release|Win32
		{5C6E30A6-3FDB-4642-9F55-B54C291D474F}.Release|Win32.ActiveCfg = Release|Win32
		{5C6E30A6-3FDB-4642-9F55-B54C291D474F}.Release|Win32.Build.0 = Release|Win32
		{CED7D47A-DD00-4C91-808E-2AB9F3F5B64B}.CLR|Win32.ActiveCfg = CLR|Win32
		{CED7D47A-DD00-4C91-808E-2AB9F3F5B64B}.CLR|Win32.Build.0 = CLR|Win32
		{CED7D47A-DD00-4C91-808E-2AB9F3F5B64B}.Debug|Win32.ActiveCfg = Debug|Win32
		{CED7D47A-DD00-4C91-808E-2AB9F3F5B64B}.Debug|Win32.Build.0 = Debug|Win32
		{CED7D47A-DD00-4C91-808E-2AB9F3F5B64B}.NoOpt|Win32.ActiveCfg = Release|Win32
		{CED7D47A-DD00-4C91-808E-2AB9F3F5B64B}.NoOpt|Win32.Build.0 = Release|Win32
		{CED7D47A-DD00-4C91-808E-2AB9F3F5B64B}.Release|Win32.ActiveCfg = Release|Win32
		{CED7D47A-DD00-4C91-808E-2AB9F3F5B64B}.Release|Win32.Build.0 = Release|Win32
		{F8362045-1078-4013-A9D7-8E9E9486DB6A}.CLR|Win32.ActiveCfg = Release|Win32
		{F8362045-1078-4013-A9D7-8E9E9486DB6A}.CLR|Win32.Build.0 = Release|Win32
		{F8362045-1078-4013-A9D7-8E9E9486DB6A}.Debug|Win32.ActiveCfg = Debug|Win32
		{F8362045-1078-4013-A9D7-8E9E9486DB6A}.Debug|Win32.Build.0 = Debug|Win32
		{F8362045-1078-4013-A9D7-8E9E9486DB6A}.NoOpt|Win32.ActiveCfg = Release|Win32
		{F8362045-1078-4013-A9D7-8E9E9486DB6A}.NoOpt|Win32.Build.0 = Release|Win32
		{F8362045-1078-4013-A9D7-8E9E9486DB6A}.Release|Win32.ActiveCfg = Release|Win32
		{F8362045-1078-4013-A9D7-8E9E9486DB6A}.Release|Win32.Build.0 = Release|Win32
	EndGlobalSection
	GlobalSection(SolutionProperties) = preSolution
		HideSolutionNode = FALSE
	EndGlobalSection
EndGlobal
